
Microsoft Visual Studio Solution File, Format Version 12.00
# Visual Studio Version 18
VisualStudioVersion = 18.1.11312.151 d18.0
MinimumVisualStudioVersion = 10.0.40219.1
Project("{9A19103F-16F7-4668-BE54-9A1E7A4F7556}") = "ProductDatabase", "ProductDataBase\ProductDatabase.csproj", "{2F18A986-2553-431F-A507-86EE6453FE21}"
EndProject
Project("{FAE04EC0-301F-11D3-BF4B-00C04F79EFBC}") = "Launcher", "Launcher\Launcher.csproj", "{9C07C589-6568-41C7-9F51-83B329EA321F}"
EndProject
Global
	GlobalSection(SolutionConfigurationPlatforms) = preSolution
		Debug|Any CPU = Debug|Any CPU
		Release|Any CPU = Release|Any CPU
	EndGlobalSection
	GlobalSection(ProjectConfigurationPlatforms) = postSolution
		{2F18A986-2553-431F-A507-86EE6453FE21}.Debug|Any CPU.ActiveCfg = Debug|Any CPU
		{2F18A986-2553-431F-A507-86EE6453FE21}.Debug|Any CPU.Build.0 = Debug|Any CPU
		{2F18A986-2553-431F-A507-86EE6453FE21}.Release|Any CPU.ActiveCfg = Release|Any CPU
		{2F18A986-2553-431F-A507-86EE6453FE21}.Release|Any CPU.Build.0 = Release|Any CPU
		{9C07C589-6568-41C7-9F51-83B329EA321F}.Debug|Any CPU.ActiveCfg = Debug|Any CPU
		{9C07C589-6568-41C7-9F51-83B329EA321F}.Debug|Any CPU.Build.0 = Debug|Any CPU
		{9C07C589-6568-41C7-9F51-83B329EA321F}.Release|Any CPU.ActiveCfg = Release|Any CPU
		{9C07C589-6568-41C7-9F51-83B329EA321F}.Release|Any CPU.Build.0 = Release|Any CPU
	EndGlobalSection
	GlobalSection(SolutionProperties) = preSolution
		HideSolutionNode = FALSE
	EndGlobalSection
	GlobalSection(ExtensibilityGlobals) = postSolution
		SolutionGuid = {7BFCC254-3C29-4DA4-8461-AD6B903CFC65}
	EndGlobalSection
EndGlobal
